
Microsoft Visual Studio Solution File, Format Version 12.00
# Visual Studio Version 17
VisualStudioVersion = 17.4.33122.133
MinimumVisualStudioVersion = 10.0.40219.1
Project("{FAE04EC0-301F-11D3-BF4B-00C04F79EFBC}") = "TP4 ASP.NET", "TP4 ASP.NET\TP4 ASP.NET.csproj", "{707126C0-FC76-4947-9610-0B996C136E8B}"
EndProject
Global
	GlobalSection(SolutionConfigurationPlatforms) = preSolution
		Debug|Any CPU = Debug|Any CPU
		Release|Any CPU = Release|Any CPU
	EndGlobalSection
	GlobalSection(ProjectConfigurationPlatforms) = postSolution
		{707126C0-FC76-4947-9610-0B996C136E8B}.Debug|Any CPU.ActiveCfg = Debug|Any CPU
		{707126C0-FC76-4947-9610-0B996C136E8B}.Debug|Any CPU.Build.0 = Debug|Any CPU
		{707126C0-FC76-4947-9610-0B996C136E8B}.Release|Any CPU.ActiveCfg = Release|Any CPU
		{707126C0-FC76-4947-9610-0B996C136E8B}.Release|Any CPU.Build.0 = Release|Any CPU
	EndGlobalSection
	GlobalSection(SolutionProperties) = preSolution
		HideSolutionNode = FALSE
	EndGlobalSection
	GlobalSection(ExtensibilityGlobals) = postSolution
		SolutionGuid = {90EEF7EB-CBA7-4D07-A9DC-17A8B8F2162A}
	EndGlobalSection
EndGlobal
